
Microsoft Visual Studio Solution File, Format Version 12.00
# Visual Studio Version 16
VisualStudioVersion = 16.0.29025.244
MinimumVisualStudioVersion = 10.0.40219.1
Project("{FAE04EC0-301F-11D3-BF4B-00C04F79EFBC}") = "AlgorytmDijkstry", "AlgorytmDijkstry\AlgorytmDijkstry.csproj", "{7815FAAA-6946-4CD3-A77F-8BAF06C0A855}"
EndProject
Global
	GlobalSection(SolutionConfigurationPlatforms) = preSolution
		Debug|Any CPU = Debug|Any CPU
		Release|Any CPU = Release|Any CPU
	EndGlobalSection
	GlobalSection(ProjectConfigurationPlatforms) = postSolution
		{7815FAAA-6946-4CD3-A77F-8BAF06C0A855}.Debug|Any CPU.ActiveCfg = Debug|Any CPU
		{7815FAAA-6946-4CD3-A77F-8BAF06C0A855}.Debug|Any CPU.Build.0 = Debug|Any CPU
		{7815FAAA-6946-4CD3-A77F-8BAF06C0A855}.Release|Any CPU.ActiveCfg = Release|Any CPU
		{7815FAAA-6946-4CD3-A77F-8BAF06C0A855}.Release|Any CPU.Build.0 = Release|Any CPU
	EndGlobalSection
	GlobalSection(SolutionProperties) = preSolution
		HideSolutionNode = FALSE
	EndGlobalSection
	GlobalSection(ExtensibilityGlobals) = postSolution
		SolutionGuid = {A2E2CACA-5567-4AF5-92A2-B92B7BFA9C0B}
	EndGlobalSection
EndGlobal
